
Microsoft Visual Studio Solution File, Format Version 12.00
# Visual Studio Version 17
VisualStudioVersion = 17.6.33712.159
MinimumVisualStudioVersion = 10.0.40219.1
Project("{FAE04EC0-301F-11D3-BF4B-00C04F79EFBC}") = "UdemyNovo1", "UdemyNovo1\UdemyNovo1.csproj", "{CD8877B7-9F0D-4F9B-B54F-B4029B911525}"
EndProject
Global
	GlobalSection(SolutionConfigurationPlatforms) = preSolution
		Debug|Any CPU = Debug|Any CPU
		Release|Any CPU = Release|Any CPU
	EndGlobalSection
	GlobalSection(ProjectConfigurationPlatforms) = postSolution
		{CD8877B7-9F0D-4F9B-B54F-B4029B911525}.Debug|Any CPU.ActiveCfg = Debug|Any CPU
		{CD8877B7-9F0D-4F9B-B54F-B4029B911525}.Debug|Any CPU.Build.0 = Debug|Any CPU
		{CD8877B7-9F0D-4F9B-B54F-B4029B911525}.Release|Any CPU.ActiveCfg = Release|Any CPU
		{CD8877B7-9F0D-4F9B-B54F-B4029B911525}.Release|Any CPU.Build.0 = Release|Any CPU
	EndGlobalSection
	GlobalSection(SolutionProperties) = preSolution
		HideSolutionNode = FALSE
	EndGlobalSection
	GlobalSection(ExtensibilityGlobals) = postSolution
		SolutionGuid = {E491DBB4-B1E2-42BB-87B0-567444B4429A}
	EndGlobalSection
EndGlobal
