
Microsoft Visual Studio Solution File, Format Version 12.00
# Visual Studio Version 17
VisualStudioVersion = 17.6.33712.159
MinimumVisualStudioVersion = 10.0.40219.1
Project("{FAE04EC0-301F-11D3-BF4B-00C04F79EFBC}") = "JogoA1", "JogoA1\JogoA1.csproj", "{3FDB55FB-DE3B-4CB6-AA74-F2A5FAB0CB16}"
EndProject
Global
	GlobalSection(SolutionConfigurationPlatforms) = preSolution
		Debug|Any CPU = Debug|Any CPU
		Release|Any CPU = Release|Any CPU
	EndGlobalSection
	GlobalSection(ProjectConfigurationPlatforms) = postSolution
		{3FDB55FB-DE3B-4CB6-AA74-F2A5FAB0CB16}.Debug|Any CPU.ActiveCfg = Debug|Any CPU
		{3FDB55FB-DE3B-4CB6-AA74-F2A5FAB0CB16}.Debug|Any CPU.Build.0 = Debug|Any CPU
		{3FDB55FB-DE3B-4CB6-AA74-F2A5FAB0CB16}.Release|Any CPU.ActiveCfg = Release|Any CPU
		{3FDB55FB-DE3B-4CB6-AA74-F2A5FAB0CB16}.Release|Any CPU.Build.0 = Release|Any CPU
	EndGlobalSection
	GlobalSection(SolutionProperties) = preSolution
		HideSolutionNode = FALSE
	EndGlobalSection
	GlobalSection(ExtensibilityGlobals) = postSolution
		SolutionGuid = {02F54CD5-627E-485E-86DF-5743E10CBF8C}
	EndGlobalSection
EndGlobal
